// !$*UTF8*$!
{
	archiveVersion = 1;
	classes = {
	};
	objectVersion = 46;
	objects = {

/* Begin PBXBuildFile section */
		40307849189B720500B40414 /* Foundation.framework in Frameworks */ = {isa = PBXBuildFile; fileRef = 40307848189B720500B40414 /* Foundation.framework */; };
		4030784B189B720500B40414 /* CoreGraphics.framework in Frameworks */ = {isa = PBXBuildFile; fileRef = 4030784A189B720500B40414 /* CoreGraphics.framework */; };
		4030784D189B720500B40414 /* UIKit.framework in Frameworks */ = {isa = PBXBuildFile; fileRef = 4030784C189B720500B40414 /* UIKit.framework */; };
		40307853189B720500B40414 /* InfoPlist.strings in Resources */ = {isa = PBXBuildFile; fileRef = 40307851189B720500B40414 /* InfoPlist.strings */; };
		40307855189B720500B40414 /* main.m in Sources */ = {isa = PBXBuildFile; fileRef = 40307854189B720500B40414 /* main.m */; };
		40307859189B720500B40414 /* AppDelegate.m in Sources */ = {isa = PBXBuildFile; fileRef = 40307858189B720500B40414 /* AppDelegate.m */; };
		4030785C189B720500B40414 /* Main_iPhone.storyboard in Resources */ = {isa = PBXBuildFile; fileRef = 4030785A189B720500B40414 /* Main_iPhone.storyboard */; };
		4030785F189B720500B40414 /* Main_iPad.storyboard in Resources */ = {isa = PBXBuildFile; fileRef = 4030785D189B720500B40414 /* Main_iPad.storyboard */; };
		40307862189B720500B40414 /* ViewController.m in Sources */ = {isa = PBXBuildFile; fileRef = 40307861189B720500B40414 /* ViewController.m */; };
		40307864189B720500B40414 /* Images.xcassets in Resources */ = {isa = PBXBuildFile; fileRef = 40307863189B720500B40414 /* Images.xcassets */; };
		4030786B189B720500B40414 /* XCTest.framework in Frameworks */ = {isa = PBXBuildFile; fileRef = 4030786A189B720500B40414 /* XCTest.framework */; };
		4030786C189B720500B40414 /* Foundation.framework in Frameworks */ = {isa = PBXBuildFile; fileRef = 40307848189B720500B40414 /* Foundation.framework */; };
		4030786D189B720500B40414 /* UIKit.framework in Frameworks */ = {isa = PBXBuildFile; fileRef = 4030784C189B720500B40414 /* UIKit.framework */; };
		40307875189B720500B40414 /* InfoPlist.strings in Resources */ = {isa = PBXBuildFile; fileRef = 40307873189B720500B40414 /* InfoPlist.strings */; };
		40307877189B720500B40414 /* CustomTableViewCellTests.m in Sources */ = {isa = PBXBuildFile; fileRef = 40307876189B720500B40414 /* CustomTableViewCellTests.m */; };
		40307882189B766700B40414 /* TextFieldCellController.m in Sources */ = {isa = PBXBuildFile; fileRef = 40307881189B766700B40414 /* TextFieldCellController.m */; };
		40307884189B768700B40414 /* TextFieldCell.xib in Resources */ = {isa = PBXBuildFile; fileRef = 40307883189B768700B40414 /* TextFieldCell.xib */; };
/* End PBXBuildFile section */

/* Begin PBXContainerItemProxy section */
		4030786E189B720500B40414 /* PBXContainerItemProxy */ = {
			isa = PBXContainerItemProxy;
			containerPortal = 4030783D189B720400B40414 /* Project object */;
			proxyType = 1;
			remoteGlobalIDString = 40307844189B720400B40414;
			remoteInfo = CustomTableViewCell;
		};
/* End PBXContainerItemProxy section */

/* Begin PBXFileReference section */
		40307845189B720400B40414 /* CustomTableViewCell.app */ = {isa = PBXFileReference; explicitFileType = wrapper.application; includeInIndex = 0; path = CustomTableViewCell.app; sourceTree = BUILT_PRODUCTS_DIR; };
		40307848189B720500B40414 /* Foundation.framework */ = {isa = PBXFileReference; lastKnownFileType = wrapper.framework; name = Foundation.framework; path = System/Library/Frameworks/Foundation.framework; sourceTree = SDKROOT; };
		4030784A189B720500B40414 /* CoreGraphics.framework */ = {isa = PBXFileReference; lastKnownFileType = wrapper.framework; name = CoreGraphics.framework; path = System/Library/Frameworks/CoreGraphics.framework; sourceTree = SDKROOT; };
		4030784C189B720500B40414 /* UIKit.framework */ = {isa = PBXFileReference; lastKnownFileType = wrapper.framework; name = UIKit.framework; path = System/Library/Frameworks/UIKit.framework; sourceTree = SDKROOT; };
		40307850189B720500B40414 /* CustomTableViewCell-Info.plist */ = {isa = PBXFileReference; lastKnownFileType = text.plist.xml; path = "CustomTableViewCell-Info.plist"; sourceTree = "<group>"; };
		40307852189B720500B40414 /* en */ = {isa = PBXFileReference; lastKnownFileType = text.plist.strings; name = en; path = en.lproj/InfoPlist.strings; sourceTree = "<group>"; };
		40307854189B720500B40414 /* main.m */ = {isa = PBXFileReference; lastKnownFileType = sourcecode.c.objc; path = main.m; sourceTree = "<group>"; };
		40307856189B720500B40414 /* CustomTableViewCell-Prefix.pch */ = {isa = PBXFileReference; lastKnownFileType = sourcecode.c.h; path = "CustomTableViewCell-Prefix.pch"; sourceTree = "<group>"; };
		40307857189B720500B40414 /* AppDelegate.h */ = {isa = PBXFileReference; lastKnownFileType = sourcecode.c.h; path = AppDelegate.h; sourceTree = "<group>"; };
		40307858189B720500B40414 /* AppDelegate.m */ = {isa = PBXFileReference; lastKnownFileType = sourcecode.c.objc; path = AppDelegate.m; sourceTree = "<group>"; };
		4030785B189B720500B40414 /* Base */ = {isa = PBXFileReference; lastKnownFileType = file.storyboard; name = Base; path = Base.lproj/Main_iPhone.storyboard; sourceTree = "<group>"; };
		4030785E189B720500B40414 /* Base */ = {isa = PBXFileReference; lastKnownFileType = file.storyboard; name = Base; path = Base.lproj/Main_iPad.storyboard; sourceTree = "<group>"; };
		40307860189B720500B40414 /* ViewController.h */ = {isa = PBXFileReference; lastKnownFileType = sourcecode.c.h; path = ViewController.h; sourceTree = "<group>"; };
		40307861189B720500B40414 /* ViewController.m */ = {isa = PBXFileReference; lastKnownFileType = sourcecode.c.objc; path = ViewController.m; sourceTree = "<group>"; };
		40307863189B720500B40414 /* Images.xcassets */ = {isa = PBXFileReference; lastKnownFileType = folder.assetcatalog; path = Images.xcassets; sourceTree = "<group>"; };
		40307869189B720500B40414 /* CustomTableViewCellTests.xctest */ = {isa = PBXFileReference; explicitFileType = wrapper.cfbundle; includeInIndex = 0; path = CustomTableViewCellTests.xctest; sourceTree = BUILT_PRODUCTS_DIR; };
		4030786A189B720500B40414 /* XCTest.framework */ = {isa = PBXFileReference; lastKnownFileType = wrapper.framework; name = XCTest.framework; path = Library/Frameworks/XCTest.framework; sourceTree = DEVELOPER_DIR; };
		40307872189B720500B40414 /* CustomTableViewCellTests-Info.plist */ = {isa = PBXFileReference; lastKnownFileType = text.plist.xml; path = "CustomTableViewCellTests-Info.plist"; sourceTree = "<group>"; };
		40307874189B720500B40414 /* en */ = {isa = PBXFileReference; lastKnownFileType = text.plist.strings; name = en; path = en.lproj/InfoPlist.strings; sourceTree = "<group>"; };
		40307876189B720500B40414 /* CustomTableViewCellTests.m */ = {isa = PBXFileReference; lastKnownFileType = sourcecode.c.objc; path = CustomTableViewCellTests.m; sourceTree = "<group>"; };
		40307880189B766700B40414 /* TextFieldCellController.h */ = {isa = PBXFileReference; fileEncoding = 4; lastKnownFileType = sourcecode.c.h; path = TextFieldCellController.h; sourceTree = "<group>"; };
		40307881189B766700B40414 /* TextFieldCellController.m */ = {isa = PBXFileReference; fileEncoding = 4; lastKnownFileType = sourcecode.c.objc; path = TextFieldCellController.m; sourceTree = "<group>"; };
		40307883189B768700B40414 /* TextFieldCell.xib */ = {isa = PBXFileReference; fileEncoding = 4; lastKnownFileType = file.xib; path = TextFieldCell.xib; sourceTree = "<group>"; };
/* End PBXFileReference section */

/* Begin PBXFrameworksBuildPhase section */
		40307842189B720400B40414 /* Frameworks */ = {
			isa = PBXFrameworksBuildPhase;
			buildActionMask = 2147483647;
			files = (
				4030784B189B720500B40414 /* CoreGraphics.framework in Frameworks */,
				4030784D189B720500B40414 /* UIKit.framework in Frameworks */,
				40307849189B720500B40414 /* Foundation.framework in Frameworks */,
			);
			runOnlyForDeploymentPostprocessing = 0;
		};
		40307866189B720500B40414 /* Frameworks */ = {
			isa = PBXFrameworksBuildPhase;
			buildActionMask = 2147483647;
			files = (
				4030786B189B720500B40414 /* XCTest.framework in Frameworks */,
				4030786D189B720500B40414 /* UIKit.framework in Frameworks */,
				4030786C189B720500B40414 /* Foundation.framework in Frameworks */,
			);
			runOnlyForDeploymentPostprocessing = 0;
		};
/* End PBXFrameworksBuildPhase section */

/* Begin PBXGroup section */
		4030783C189B720400B40414 = {
			isa = PBXGroup;
			children = (
				4030784E189B720500B40414 /* CustomTableViewCell */,
				40307870189B720500B40414 /* CustomTableViewCellTests */,
				40307847189B720400B40414 /* Frameworks */,
				40307846189B720400B40414 /* Products */,
			);
			sourceTree = "<group>";
		};
		40307846189B720400B40414 /* Products */ = {
			isa = PBXGroup;
			children = (
				40307845189B720400B40414 /* CustomTableViewCell.app */,
				40307869189B720500B40414 /* CustomTableViewCellTests.xctest */,
			);
			name = Products;
			sourceTree = "<group>";
		};
		40307847189B720400B40414 /* Frameworks */ = {
			isa = PBXGroup;
			children = (
				40307848189B720500B40414 /* Foundation.framework */,
				4030784A189B720500B40414 /* CoreGraphics.framework */,
				4030784C189B720500B40414 /* UIKit.framework */,
				4030786A189B720500B40414 /* XCTest.framework */,
			);
			name = Frameworks;
			sourceTree = "<group>";
		};
		4030784E189B720500B40414 /* CustomTableViewCell */ = {
			isa = PBXGroup;
			children = (
				40307857189B720500B40414 /* AppDelegate.h */,
				40307858189B720500B40414 /* AppDelegate.m */,
				4030785A189B720500B40414 /* Main_iPhone.storyboard */,
				4030785D189B720500B40414 /* Main_iPad.storyboard */,
				40307860189B720500B40414 /* ViewController.h */,
				40307861189B720500B40414 /* ViewController.m */,
				40307880189B766700B40414 /* TextFieldCellController.h */,
				40307881189B766700B40414 /* TextFieldCellController.m */,
				40307883189B768700B40414 /* TextFieldCell.xib */,
				40307863189B720500B40414 /* Images.xcassets */,
				4030784F189B720500B40414 /* Supporting Files */,
			);
			path = CustomTableViewCell;
			sourceTree = "<group>";
		};
		4030784F189B720500B40414 /* Supporting Files */ = {
			isa = PBXGroup;
			children = (
				40307850189B720500B40414 /* CustomTableViewCell-Info.plist */,
				40307851189B720500B40414 /* InfoPlist.strings */,
				40307854189B720500B40414 /* main.m */,
				40307856189B720500B40414 /* CustomTableViewCell-Prefix.pch */,
			);
			name = "Supporting Files";
			sourceTree = "<group>";
		};
		40307870189B720500B40414 /* CustomTableViewCellTests */ = {
			isa = PBXGroup;
			children = (
				40307876189B720500B40414 /* CustomTableViewCellTests.m */,
				40307871189B720500B40414 /* Supporting Files */,
			);
			path = CustomTableViewCellTests;
			sourceTree = "<group>";
		};
		40307871189B720500B40414 /* Supporting Files */ = {
			isa = PBXGroup;
			children = (
				40307872189B720500B40414 /* CustomTableViewCellTests-Info.plist */,
				40307873189B720500B40414 /* InfoPlist.strings */,
			);
			name = "Supporting Files";
			sourceTree = "<group>";
		};
/* End PBXGroup section */

/* Begin PBXNativeTarget section */
		40307844189B720400B40414 /* CustomTableViewCell */ = {
			isa = PBXNativeTarget;
			buildConfigurationList = 4030787A189B720500B40414 /* Build configuration list for PBXNativeTarget "CustomTableViewCell" */;
			buildPhases = (
				40307841189B720400B40414 /* Sources */,
				40307842189B720400B40414 /* Frameworks */,
				40307843189B720400B40414 /* Resources */,
			);
			buildRules = (
			);
			dependencies = (
			);
			name = CustomTableViewCell;
			productName = CustomTableViewCell;
			productReference = 40307845189B720400B40414 /* CustomTableViewCell.app */;
			productType = "com.apple.product-type.application";
		};
		40307868189B720500B40414 /* CustomTableViewCellTests */ = {
			isa = PBXNativeTarget;
			buildConfigurationList = 4030787D189B720500B40414 /* Build configuration list for PBXNativeTarget "CustomTableViewCellTests" */;
			buildPhases = (
				40307865189B720500B40414 /* Sources */,
				40307866189B720500B40414 /* Frameworks */,
				40307867189B720500B40414 /* Resources */,
			);
			buildRules = (
			);
			dependencies = (
				4030786F189B720500B40414 /* PBXTargetDependency */,
			);
			name = CustomTableViewCellTests;
			productName = CustomTableViewCellTests;
			productReference = 40307869189B720500B40414 /* CustomTableViewCellTests.xctest */;
			productType = "com.apple.product-type.bundle.unit-test";
		};
/* End PBXNativeTarget section */

/* Begin PBXProject section */
		4030783D189B720400B40414 /* Project object */ = {
			isa = PBXProject;
			attributes = {
				LastUpgradeCheck = 0500;
				ORGANIZATIONNAME = Nagamalleswar;
				TargetAttributes = {
					40307868189B720500B40414 = {
						TestTargetID = 40307844189B720400B40414;
					};
				};
			};
			buildConfigurationList = 40307840189B720400B40414 /* Build configuration list for PBXProject "CustomTableViewCell" */;
			compatibilityVersion = "Xcode 3.2";
			developmentRegion = English;
			hasScannedForEncodings = 0;
			knownRegions = (
				en,
				Base,
			);
			mainGroup = 4030783C189B720400B40414;
			productRefGroup = 40307846189B720400B40414 /* Products */;
			projectDirPath = "";
			projectRoot = "";
			targets = (
				40307844189B720400B40414 /* CustomTableViewCell */,
				40307868189B720500B40414 /* CustomTableViewCellTests */,
			);
		};
/* End PBXProject section */

/* Begin PBXResourcesBuildPhase section */
		40307843189B720400B40414 /* Resources */ = {
			isa = PBXResourcesBuildPhase;
			buildActionMask = 2147483647;
			files = (
				4030785F189B720500B40414 /* Main_iPad.storyboard in Resources */,
				40307864189B720500B40414 /* Images.xcassets in Resources */,
				40307884189B768700B40414 /* TextFieldCell.xib in Resources */,
				4030785C189B720500B40414 /* Main_iPhone.storyboard in Resources */,
				40307853189B720500B40414 /* InfoPlist.strings in Resources */,
			);
			runOnlyForDeploymentPostprocessing = 0;
		};
		40307867189B720500B40414 /* Resources */ = {
			isa = PBXResourcesBuildPhase;
			buildActionMask = 2147483647;
			files = (
				40307875189B720500B40414 /* InfoPlist.strings in Resources */,
			);
			runOnlyForDeploymentPostprocessing = 0;
		};
/* End PBXResourcesBuildPhase section */

/* Begin PBXSourcesBuildPhase section */
		40307841189B720400B40414 /* Sources */ = {
			isa = PBXSourcesBuildPhase;
			buildActionMask = 2147483647;
			files = (
				40307862189B720500B40414 /* ViewController.m in Sources */,
				40307882189B766700B40414 /* TextFieldCellController.m in Sources */,
				40307859189B720500B40414 /* AppDelegate.m in Sources */,
				40307855189B720500B40414 /* main.m in Sources */,
			);
			runOnlyForDeploymentPostprocessing = 0;
		};
		40307865189B720500B40414 /* Sources */ = {
			isa = PBXSourcesBuildPhase;
			buildActionMask = 2147483647;
			files = (
				40307877189B720500B40414 /* CustomTableViewCellTests.m in Sources */,
			);
			runOnlyForDeploymentPostprocessing = 0;
		};
/* End PBXSourcesBuildPhase section */

/* Begin PBXTargetDependency section */
		4030786F189B720500B40414 /* PBXTargetDependency */ = {
			isa = PBXTargetDependency;
			target = 40307844189B720400B40414 /* CustomTableViewCell */;
			targetProxy = 4030786E189B720500B40414 /* PBXContainerItemProxy */;
		};
/* End PBXTargetDependency section */

/* Begin PBXVariantGroup section */
		40307851189B720500B40414 /* InfoPlist.strings */ = {
			isa = PBXVariantGroup;
			children = (
				40307852189B720500B40414 /* en */,
			);
			name = InfoPlist.strings;
			sourceTree = "<group>";
		};
		4030785A189B720500B40414 /* Main_iPhone.storyboard */ = {
			isa = PBXVariantGroup;
			children = (
				4030785B189B720500B40414 /* Base */,
			);
			name = Main_iPhone.storyboard;
			sourceTree = "<group>";
		};
		4030785D189B720500B40414 /* Main_iPad.storyboard */ = {
			isa = PBXVariantGroup;
			children = (
				4030785E189B720500B40414 /* Base */,
			);
			name = Main_iPad.storyboard;
			sourceTree = "<group>";
		};
		40307873189B720500B40414 /* InfoPlist.strings */ = {
			isa = PBXVariantGroup;
			children = (
				40307874189B720500B40414 /* en */,
			);
			name = InfoPlist.strings;
			sourceTree = "<group>";
		};
/* End PBXVariantGroup section */

/* Begin XCBuildConfiguration section */
		40307878189B720500B40414 /* Debug */ = {
			isa = XCBuildConfiguration;
			buildSettings = {
				ALWAYS_SEARCH_USER_PATHS = NO;
				ARCHS = "$(ARCHS_STANDARD_INCLUDING_64_BIT)";
				CLANG_CXX_LANGUAGE_STANDARD = "gnu++0x";
				CLANG_CXX_LIBRARY = "libc++";
				CLANG_ENABLE_MODULES = YES;
				CLANG_ENABLE_OBJC_ARC = YES;
				CLANG_WARN_BOOL_CONVERSION = YES;
				CLANG_WARN_CONSTANT_CONVERSION = YES;
				CLANG_WARN_DIRECT_OBJC_ISA_USAGE = YES_ERROR;
				CLANG_WARN_EMPTY_BODY = YES;
				CLANG_WARN_ENUM_CONVERSION = YES;
				CLANG_WARN_INT_CONVERSION = YES;
				CLANG_WARN_OBJC_ROOT_CLASS = YES_ERROR;
				CLANG_WARN__DUPLICATE_METHOD_MATCH = YES;
				"CODE_SIGN_IDENTITY[sdk=iphoneos*]" = "iPhone Developer";
				COPY_PHASE_STRIP = NO;
				GCC_C_LANGUAGE_STANDARD = gnu99;
				GCC_DYNAMIC_NO_PIC = NO;
				GCC_OPTIMIZATION_LEVEL = 0;
				GCC_PREPROCESSOR_DEFINITIONS = (
					"DEBUG=1",
					"$(inherited)",
				);
				GCC_SYMBOLS_PRIVATE_EXTERN = NO;
				GCC_WARN_64_TO_32_BIT_CONVERSION = YES;
				GCC_WARN_ABOUT_RETURN_TYPE = YES_ERROR;
				GCC_WARN_UNDECLARED_SELECTOR = YES;
				GCC_WARN_UNINITIALIZED_AUTOS = YES;
				GCC_WARN_UNUSED_FUNCTION = YES;
				GCC_WARN_UNUSED_VARIABLE = YES;
				IPHONEOS_DEPLOYMENT_TARGET = 7.0;
				ONLY_ACTIVE_ARCH = YES;
				SDKROOT = iphoneos;
				TARGETED_DEVICE_FAMILY = "1,2";
			};
			name = Debug;
		};
		40307879189B720500B40414 /* Release */ = {
			isa = XCBuildConfiguration;
			buildSettings = {
				ALWAYS_SEARCH_USER_PATHS = NO;
				ARCHS = "$(ARCHS_STANDARD_INCLUDING_64_BIT)";
				CLANG_CXX_LANGUAGE_STANDARD = "gnu++0x";
				CLANG_CXX_LIBRARY = "libc++";
				CLANG_ENABLE_MODULES = YES;
				CLANG_ENABLE_OBJC_ARC = YES;
				CLANG_WARN_BOOL_CONVERSION = YES;
				CLANG_WARN_CONSTANT_CONVERSION = YES;
				CLANG_WARN_DIRECT_OBJC_ISA_USAGE = YES_ERROR;
				CLANG_WARN_EMPTY_BODY = YES;
				CLANG_WARN_ENUM_CONVERSION = YES;
				CLANG_WARN_INT_CONVERSION = YES;
				CLANG_WARN_OBJC_ROOT_CLASS = YES_ERROR;
				CLANG_WARN__DUPLICATE_METHOD_MATCH = YES;
				"CODE_SIGN_IDENTITY[sdk=iphoneos*]" = "iPhone Developer";
				COPY_PHASE_STRIP = YES;
				ENABLE_NS_ASSERTIONS = NO;
				GCC_C_LANGUAGE_STANDARD = gnu99;
				GCC_WARN_64_TO_32_BIT_CONVERSION = YES;
				GCC_WARN_ABOUT_RETURN_TYPE = YES_ERROR;
				GCC_WARN_UNDECLARED_SELECTOR = YES;
				GCC_WARN_UNINITIALIZED_AUTOS = YES;
				GCC_WARN_UNUSED_FUNCTION = YES;
				GCC_WARN_UNUSED_VARIABLE = YES;
				IPHONEOS_DEPLOYMENT_TARGET = 7.0;
				SDKROOT = iphoneos;
				TARGETED_DEVICE_FAMILY = "1,2";
				VALIDATE_PRODUCT = YES;
			};
			name = Release;
		};
		4030787B189B720500B40414 /* Debug */ = {
			isa = XCBuildConfiguration;
			buildSettings = {
				ASSETCATALOG_COMPILER_APPICON_NAME = AppIcon;
				ASSETCATALOG_COMPILER_LAUNCHIMAGE_NAME = LaunchImage;
				GCC_PRECOMPILE_PREFIX_HEADER = YES;
				GCC_PREFIX_HEADER = "CustomTableViewCell/CustomTableViewCell-Prefix.pch";
				INFOPLIST_FILE = "CustomTableViewCell/CustomTableViewCell-Info.plist";
				PRODUCT_NAME = "$(TARGET_NAME)";
				WRAPPER_EXTENSION = app;
			};
			name = Debug;
		};
		4030787C189B720500B40414 /* Release */ = {
			isa = XCBuildConfiguration;
			buildSettings = {
				ASSETCATALOG_COMPILER_APPICON_NAME = AppIcon;
				ASSETCATALOG_COMPILER_LAUNCHIMAGE_NAME = LaunchImage;
				GCC_PRECOMPILE_PREFIX_HEADER = YES;
				GCC_PREFIX_HEADER = "CustomTableViewCell/CustomTableViewCell-Prefix.pch";
				INFOPLIST_FILE = "CustomTableViewCell/CustomTableViewCell-Info.plist";
				PRODUCT_NAME = "$(TARGET_NAME)";
				WRAPPER_EXTENSION = app;
			};
			name = Release;
		};
		4030787E189B720500B40414 /* Debug */ = {
			isa = XCBuildConfiguration;
			buildSettings = {
				ARCHS = "$(ARCHS_STANDARD_INCLUDING_64_BIT)";
				BUNDLE_LOADER = "$(BUILT_PRODUCTS_DIR)/CustomTableViewCell.app/CustomTableViewCell";
				FRAMEWORK_SEARCH_PATHS = (
					"$(SDKROOT)/Developer/Library/Frameworks",
					"$(inherited)",
					"$(DEVELOPER_FRAMEWORKS_DIR)",
				);
				GCC_PRECOMPILE_PREFIX_HEADER = YES;
				GCC_PREFIX_HEADER = "CustomTableViewCell/CustomTableViewCell-Prefix.pch";
				GCC_PREPROCESSOR_DEFINITIONS = (
					"DEBUG=1",
					"$(inherited)",
				);
				INFOPLIST_FILE = "CustomTableViewCellTests/CustomTableViewCellTests-Info.plist";
				PRODUCT_NAME = "$(TARGET_NAME)";
				TEST_HOST = "$(BUNDLE_LOADER)";
				WRAPPER_EXTENSION = xctest;
			};
			name = Debug;
		};
		4030787F189B720500B40414 /* Release */ = {
			isa = XCBuildConfiguration;
			buildSettings = {
				ARCHS = "$(ARCHS_STANDARD_INCLUDING_64_BIT)";
				BUNDLE_LOADER = "$(BUILT_PRODUCTS_DIR)/CustomTableViewCell.app/CustomTableViewCell";
				FRAMEWORK_SEARCH_PATHS = (
					"$(SDKROOT)/Developer/Library/Frameworks",
					"$(inherited)",
					"$(DEVELOPER_FRAMEWORKS_DIR)",
				);
				GCC_PRECOMPILE_PREFIX_HEADER = YES;
				GCC_PREFIX_HEADER = "CustomTableViewCell/CustomTableViewCell-Prefix.pch";
				INFOPLIST_FILE = "CustomTableViewCellTests/CustomTableViewCellTests-Info.plist";
				PRODUCT_NAME = "$(TARGET_NAME)";
				TEST_HOST = "$(BUNDLE_LOADER)";
				WRAPPER_EXTENSION = xctest;
			};
			name = Release;
		};
/* End XCBuildConfiguration section */

/* Begin XCConfigurationList section */
		40307840189B720400B40414 /* Build configuration list for PBXProject "CustomTableViewCell" */ = {
			isa = XCConfigurationList;
			buildConfigurations = (
				40307878189B720500B40414 /* Debug */,
				40307879189B720500B40414 /* Release */,
			);
			defaultConfigurationIsVisible = 0;
			defaultConfigurationName = Release;
		};
		4030787A189B720500B40414 /* Build configuration list for PBXNativeTarget "CustomTableViewCell" */ = {
			isa = XCConfigurationList;
			buildConfigurations = (
				4030787B189B720500B40414 /* Debug */,
				4030787C189B720500B40414 /* Release */,
			);
			defaultConfigurationIsVisible = 0;
		};
		4030787D189B720500B40414 /* Build configuration list for PBXNativeTarget "CustomTableViewCellTests" */ = {
			isa = XCConfigurationList;
			buildConfigurations = (
				4030787E189B720500B40414 /* Debug */,
				4030787F189B720500B40414 /* Release */,
			);
			defaultConfigurationIsVisible = 0;
		};
/* End XCConfigurationList section */
	};
	rootObject = 4030783D189B720400B40414 /* Project object */;
}
